
Microsoft Visual Studio Solution File, Format Version 12.00
# Visual Studio 2012
Project("{FAE04EC0-301F-11D3-BF4B-00C04F79EFBC}") = "TODODemo", "TODODemo\TODODemo.csproj", "{E0246033-663B-4EF3-998F-537AEFC02219}"
EndProject
Project("{FAE04EC0-301F-11D3-BF4B-00C04F79EFBC}") = "TODODemo.iOS", "iOS\TODODemo.iOS.csproj", "{3676303F-8A10-479A-83A5-4535014C6ED9}"
EndProject
Project("{FAE04EC0-301F-11D3-BF4B-00C04F79EFBC}") = "TODODemo.Droid", "Droid\TODODemo.Droid.csproj", "{91425255-C9DF-41BE-83D9-F38A95A006BD}"
EndProject
Global
	GlobalSection(SolutionConfigurationPlatforms) = preSolution
		Debug|Any CPU = Debug|Any CPU
		Release|Any CPU = Release|Any CPU
		Debug|iPhoneSimulator = Debug|iPhoneSimulator
		Release|iPhone = Release|iPhone
		Release|iPhoneSimulator = Release|iPhoneSimulator
		Debug|iPhone = Debug|iPhone
	EndGlobalSection
	GlobalSection(ProjectConfigurationPlatforms) = postSolution
		{E0246033-663B-4EF3-998F-537AEFC02219}.Debug|Any CPU.ActiveCfg = Debug|Any CPU
		{E0246033-663B-4EF3-998F-537AEFC02219}.Debug|Any CPU.Build.0 = Debug|Any CPU
		{E0246033-663B-4EF3-998F-537AEFC02219}.Release|Any CPU.ActiveCfg = Release|Any CPU
		{E0246033-663B-4EF3-998F-537AEFC02219}.Release|Any CPU.Build.0 = Release|Any CPU
		{E0246033-663B-4EF3-998F-537AEFC02219}.Debug|iPhoneSimulator.ActiveCfg = Debug|Any CPU
		{E0246033-663B-4EF3-998F-537AEFC02219}.Debug|iPhoneSimulator.Build.0 = Debug|Any CPU
		{E0246033-663B-4EF3-998F-537AEFC02219}.Release|iPhone.ActiveCfg = Release|Any CPU
		{E0246033-663B-4EF3-998F-537AEFC02219}.Release|iPhone.Build.0 = Release|Any CPU
		{E0246033-663B-4EF3-998F-537AEFC02219}.Release|iPhoneSimulator.ActiveCfg = Release|Any CPU
		{E0246033-663B-4EF3-998F-537AEFC02219}.Release|iPhoneSimulator.Build.0 = Release|Any CPU
		{E0246033-663B-4EF3-998F-537AEFC02219}.Debug|iPhone.ActiveCfg = Debug|Any CPU
		{E0246033-663B-4EF3-998F-537AEFC02219}.Debug|iPhone.Build.0 = Debug|Any CPU
		{3676303F-8A10-479A-83A5-4535014C6ED9}.Debug|Any CPU.ActiveCfg = Debug|iPhoneSimulator
		{3676303F-8A10-479A-83A5-4535014C6ED9}.Debug|Any CPU.Build.0 = Debug|iPhoneSimulator
		{3676303F-8A10-479A-83A5-4535014C6ED9}.Release|Any CPU.ActiveCfg = Release|iPhone
		{3676303F-8A10-479A-83A5-4535014C6ED9}.Release|Any CPU.Build.0 = Release|iPhone
		{3676303F-8A10-479A-83A5-4535014C6ED9}.Debug|iPhoneSimulator.ActiveCfg = Debug|iPhoneSimulator
		{3676303F-8A10-479A-83A5-4535014C6ED9}.Debug|iPhoneSimulator.Build.0 = Debug|iPhoneSimulator
		{3676303F-8A10-479A-83A5-4535014C6ED9}.Release|iPhone.ActiveCfg = Release|iPhone
		{3676303F-8A10-479A-83A5-4535014C6ED9}.Release|iPhone.Build.0 = Release|iPhone
		{3676303F-8A10-479A-83A5-4535014C6ED9}.Release|iPhoneSimulator.ActiveCfg = Release|iPhoneSimulator
		{3676303F-8A10-479A-83A5-4535014C6ED9}.Release|iPhoneSimulator.Build.0 = Release|iPhoneSimulator
		{3676303F-8A10-479A-83A5-4535014C6ED9}.Debug|iPhone.ActiveCfg = Debug|iPhone
		{3676303F-8A10-479A-83A5-4535014C6ED9}.Debug|iPhone.Build.0 = Debug|iPhone
		{91425255-C9DF-41BE-83D9-F38A95A006BD}.Debug|Any CPU.ActiveCfg = Debug|Any CPU
		{91425255-C9DF-41BE-83D9-F38A95A006BD}.Debug|Any CPU.Build.0 = Debug|Any CPU
		{91425255-C9DF-41BE-83D9-F38A95A006BD}.Release|Any CPU.ActiveCfg = Release|Any CPU
		{91425255-C9DF-41BE-83D9-F38A95A006BD}.Release|Any CPU.Build.0 = Release|Any CPU
		{91425255-C9DF-41BE-83D9-F38A95A006BD}.Debug|iPhoneSimulator.ActiveCfg = Debug|Any CPU
		{91425255-C9DF-41BE-83D9-F38A95A006BD}.Debug|iPhoneSimulator.Build.0 = Debug|Any CPU
		{91425255-C9DF-41BE-83D9-F38A95A006BD}.Release|iPhone.ActiveCfg = Release|Any CPU
		{91425255-C9DF-41BE-83D9-F38A95A006BD}.Release|iPhone.Build.0 = Release|Any CPU
		{91425255-C9DF-41BE-83D9-F38A95A006BD}.Release|iPhoneSimulator.ActiveCfg = Release|Any CPU
		{91425255-C9DF-41BE-83D9-F38A95A006BD}.Release|iPhoneSimulator.Build.0 = Release|Any CPU
		{91425255-C9DF-41BE-83D9-F38A95A006BD}.Debug|iPhone.ActiveCfg = Debug|Any CPU
		{91425255-C9DF-41BE-83D9-F38A95A006BD}.Debug|iPhone.Build.0 = Debug|Any CPU
	EndGlobalSection
EndGlobal
